
Microsoft Visual Studio Solution File, Format Version 12.00
# Visual Studio Version 17
VisualStudioVersion = 17.0.31919.166
MinimumVisualStudioVersion = 10.0.40219.1
Project("{9A19103F-16F7-4668-BE54-9A1E7A4F7556}") = "GraphQLParser", "GraphQLParser\GraphQLParser.csproj", "{7970B102-F058-42A9-8767-71B9655249F4}"
EndProject
Project("{9A19103F-16F7-4668-BE54-9A1E7A4F7556}") = "GraphQLParser.Tests", "GraphQLParser.Tests\GraphQLParser.Tests.csproj", "{2F9ECCC6-4A4D-4376-BAD3-F594BDBAEFDB}"
EndProject
Project("{9A19103F-16F7-4668-BE54-9A1E7A4F7556}") = "GraphQLParser.Benchmarks", "GraphQLParser.Benchmarks\GraphQLParser.Benchmarks.csproj", "{78D53BE8-375C-4E27-8EDA-F79B65B52C93}"
EndProject
Project("{2150E333-8FDC-42A3-9474-1A3956D46DE8}") = "Solution Items", "Solution Items", "{7C164141-79F1-43D7-A771-5FED6B2150B6}"
	ProjectSection(SolutionItems) = preProject
		..\.editorconfig = ..\.editorconfig
		..\.gitignore = ..\.gitignore
		Directory.Build.props = Directory.Build.props
		Directory.Build.targets = Directory.Build.targets
		graphql.snk = graphql.snk
		..\LICENSE.md = ..\LICENSE.md
		..\assets\logo.64x64.png = ..\assets\logo.64x64.png
		..\README.md = ..\README.md
	EndProjectSection
EndProject
Project("{9A19103F-16F7-4668-BE54-9A1E7A4F7556}") = "GraphQLParser.ApiTests", "GraphQLParser.ApiTests\GraphQLParser.ApiTests.csproj", "{6F01D881-DEA2-4259-977B-FF56DD366592}"
EndProject
Project("{2150E333-8FDC-42A3-9474-1A3956D46DE8}") = ".github", ".github", "{9985185E-F78C-4837-9F3E-5A0D8F7CE4CC}"
	ProjectSection(SolutionItems) = preProject
		..\.github\codecov.yml = ..\.github\codecov.yml
		..\.github\codeql-config.yml = ..\.github\codeql-config.yml
		..\.github\dependabot.yml = ..\.github\dependabot.yml
		..\.github\labeler.yml = ..\.github\labeler.yml
	EndProjectSection
EndProject
Project("{2150E333-8FDC-42A3-9474-1A3956D46DE8}") = "ISSUE_TEMPLATE", "ISSUE_TEMPLATE", "{0F03A852-533A-4A52-B533-FE8B45958930}"
	ProjectSection(SolutionItems) = preProject
		..\.github\ISSUE_TEMPLATE\bug_report.md = ..\.github\ISSUE_TEMPLATE\bug_report.md
		..\.github\ISSUE_TEMPLATE\feature_request.md = ..\.github\ISSUE_TEMPLATE\feature_request.md
	EndProjectSection
EndProject
Project("{2150E333-8FDC-42A3-9474-1A3956D46DE8}") = "workflows", "workflows", "{1EBB930E-951D-4857-A5A3-DED7FFE4FBD4}"
	ProjectSection(SolutionItems) = preProject
		..\.github\workflows\codeql-analysis.yml = ..\.github\workflows\codeql-analysis.yml
		..\.github\workflows\label.yml = ..\.github\workflows\label.yml
		..\.github\workflows\publish-preview.yml = ..\.github\workflows\publish-preview.yml
		..\.github\workflows\publish-release.yml = ..\.github\workflows\publish-release.yml
		..\.github\workflows\test.yml = ..\.github\workflows\test.yml
		..\.github\workflows\wipcheck.yml = ..\.github\workflows\wipcheck.yml
	EndProjectSection
EndProject
Global
	GlobalSection(SolutionConfigurationPlatforms) = preSolution
		Debug|Any CPU = Debug|Any CPU
		Release|Any CPU = Release|Any CPU
	EndGlobalSection
	GlobalSection(ProjectConfigurationPlatforms) = postSolution
		{7970B102-F058-42A9-8767-71B9655249F4}.Debug|Any CPU.ActiveCfg = Debug|Any CPU
		{7970B102-F058-42A9-8767-71B9655249F4}.Debug|Any CPU.Build.0 = Debug|Any CPU
		{7970B102-F058-42A9-8767-71B9655249F4}.Release|Any CPU.ActiveCfg = Release|Any CPU
		{7970B102-F058-42A9-8767-71B9655249F4}.Release|Any CPU.Build.0 = Release|Any CPU
		{2F9ECCC6-4A4D-4376-BAD3-F594BDBAEFDB}.Debug|Any CPU.ActiveCfg = Debug|Any CPU
		{2F9ECCC6-4A4D-4376-BAD3-F594BDBAEFDB}.Debug|Any CPU.Build.0 = Debug|Any CPU
		{2F9ECCC6-4A4D-4376-BAD3-F594BDBAEFDB}.Release|Any CPU.ActiveCfg = Release|Any CPU
		{2F9ECCC6-4A4D-4376-BAD3-F594BDBAEFDB}.Release|Any CPU.Build.0 = Release|Any CPU
		{78D53BE8-375C-4E27-8EDA-F79B65B52C93}.Debug|Any CPU.ActiveCfg = Debug|Any CPU
		{78D53BE8-375C-4E27-8EDA-F79B65B52C93}.Debug|Any CPU.Build.0 = Debug|Any CPU
		{78D53BE8-375C-4E27-8EDA-F79B65B52C93}.Release|Any CPU.ActiveCfg = Release|Any CPU
		{78D53BE8-375C-4E27-8EDA-F79B65B52C93}.Release|Any CPU.Build.0 = Release|Any CPU
		{6F01D881-DEA2-4259-977B-FF56DD366592}.Debug|Any CPU.ActiveCfg = Debug|Any CPU
		{6F01D881-DEA2-4259-977B-FF56DD366592}.Debug|Any CPU.Build.0 = Debug|Any CPU
		{6F01D881-DEA2-4259-977B-FF56DD366592}.Release|Any CPU.ActiveCfg = Release|Any CPU
		{6F01D881-DEA2-4259-977B-FF56DD366592}.Release|Any CPU.Build.0 = Release|Any CPU
	EndGlobalSection
	GlobalSection(SolutionProperties) = preSolution
		HideSolutionNode = FALSE
	EndGlobalSection
	GlobalSection(NestedProjects) = preSolution
		{0F03A852-533A-4A52-B533-FE8B45958930} = {9985185E-F78C-4837-9F3E-5A0D8F7CE4CC}
		{1EBB930E-951D-4857-A5A3-DED7FFE4FBD4} = {9985185E-F78C-4837-9F3E-5A0D8F7CE4CC}
	EndGlobalSection
	GlobalSection(ExtensibilityGlobals) = postSolution
		SolutionGuid = {97776AD7-C80A-46FD-AEAB-EB06DF0BC00D}
	EndGlobalSection
EndGlobal
